
Microsoft Visual Studio Solution File, Format Version 12.00
# Visual Studio 14
VisualStudioVersion = 14.0.23107.0
MinimumVisualStudioVersion = 10.0.40219.1
Project("{FAE04EC0-301F-11D3-BF4B-00C04F79EFBC}") = "App", "App\App.csproj", "{0B770731-ED4C-42AC-B4B8-85A66DE62D49}"
EndProject
Project("{FAE04EC0-301F-11D3-BF4B-00C04F79EFBC}") = "DaLibrary", "DaLibrary\DaLibrary.csproj", "{0B4F8CB1-6954-41ED-952A-937DE32EB121}"
EndProject
Global
	GlobalSection(SolutionConfigurationPlatforms) = preSolution
		Debug|Any CPU = Debug|Any CPU
		Release|Any CPU = Release|Any CPU
	EndGlobalSection
	GlobalSection(ProjectConfigurationPlatforms) = postSolution
		{0B770731-ED4C-42AC-B4B8-85A66DE62D49}.Debug|Any CPU.ActiveCfg = Debug|Any CPU
		{0B770731-ED4C-42AC-B4B8-85A66DE62D49}.Debug|Any CPU.Build.0 = Debug|Any CPU
		{0B770731-ED4C-42AC-B4B8-85A66DE62D49}.Release|Any CPU.ActiveCfg = Release|Any CPU
		{0B770731-ED4C-42AC-B4B8-85A66DE62D49}.Release|Any CPU.Build.0 = Release|Any CPU
		{0B4F8CB1-6954-41ED-952A-937DE32EB121}.Debug|Any CPU.ActiveCfg = Debug|Any CPU
		{0B4F8CB1-6954-41ED-952A-937DE32EB121}.Debug|Any CPU.Build.0 = Debug|Any CPU
		{0B4F8CB1-6954-41ED-952A-937DE32EB121}.Release|Any CPU.ActiveCfg = Release|Any CPU
		{0B4F8CB1-6954-41ED-952A-937DE32EB121}.Release|Any CPU.Build.0 = Release|Any CPU
	EndGlobalSection
	GlobalSection(SolutionProperties) = preSolution
		HideSolutionNode = FALSE
	EndGlobalSection
EndGlobal
